
Microsoft Visual Studio Solution File, Format Version 12.00
# Visual Studio Version 17
VisualStudioVersion = 17.3.32901.215
MinimumVisualStudioVersion = 10.0.40219.1
Project("{FAE04EC0-301F-11D3-BF4B-00C04F79EFBC}") = "BilSort", "BilSort.csproj", "{871C9159-B0CD-498A-A076-DF898CBD714D}"
EndProject
Global
	GlobalSection(SolutionConfigurationPlatforms) = preSolution
		Debug|Any CPU = Debug|Any CPU
		Release|Any CPU = Release|Any CPU
	EndGlobalSection
	GlobalSection(ProjectConfigurationPlatforms) = postSolution
		{871C9159-B0CD-498A-A076-DF898CBD714D}.Debug|Any CPU.ActiveCfg = Debug|Any CPU
		{871C9159-B0CD-498A-A076-DF898CBD714D}.Debug|Any CPU.Build.0 = Debug|Any CPU
		{871C9159-B0CD-498A-A076-DF898CBD714D}.Release|Any CPU.ActiveCfg = Release|Any CPU
		{871C9159-B0CD-498A-A076-DF898CBD714D}.Release|Any CPU.Build.0 = Release|Any CPU
	EndGlobalSection
	GlobalSection(SolutionProperties) = preSolution
		HideSolutionNode = FALSE
	EndGlobalSection
	GlobalSection(ExtensibilityGlobals) = postSolution
		SolutionGuid = {EEF2307B-4BC0-46D3-83CA-981D8D7536E1}
	EndGlobalSection
EndGlobal
